// !$*UTF8*$!
{
	archiveVersion = 1;
	classes = {
	};
	objectVersion = 50;
	objects = {

/* Begin PBXBuildFile section */
		661F6C45221066B000B11FDE /* AppDelegate.swift in Sources */ = {isa = PBXBuildFile; fileRef = 661F6C44221066B000B11FDE /* AppDelegate.swift */; };
		661F6C47221066B000B11FDE /* ViewController.swift in Sources */ = {isa = PBXBuildFile; fileRef = 661F6C46221066B000B11FDE /* ViewController.swift */; };
		661F6C4A221066B000B11FDE /* Main.storyboard in Resources */ = {isa = PBXBuildFile; fileRef = 661F6C48221066B000B11FDE /* Main.storyboard */; };
		661F6C4C221066B100B11FDE /* Assets.xcassets in Resources */ = {isa = PBXBuildFile; fileRef = 661F6C4B221066B100B11FDE /* Assets.xcassets */; };
		661F6C4F221066B100B11FDE /* LaunchScreen.storyboard in Resources */ = {isa = PBXBuildFile; fileRef = 661F6C4D221066B100B11FDE /* LaunchScreen.storyboard */; };
		661F6C5A221066B100B11FDE /* VocabularyAppTests.swift in Sources */ = {isa = PBXBuildFile; fileRef = 661F6C59221066B100B11FDE /* VocabularyAppTests.swift */; };
/* End PBXBuildFile section */

/* Begin PBXContainerItemProxy section */
		661F6C56221066B100B11FDE /* PBXContainerItemProxy */ = {
			isa = PBXContainerItemProxy;
			containerPortal = 661F6C39221066B000B11FDE /* Project object */;
			proxyType = 1;
			remoteGlobalIDString = 661F6C40221066B000B11FDE;
			remoteInfo = VocabularyApp;
		};
/* End PBXContainerItemProxy section */

/* Begin PBXFileReference section */
		661F6C41221066B000B11FDE /* VocabularyApp.app */ = {isa = PBXFileReference; explicitFileType = wrapper.application; includeInIndex = 0; path = VocabularyApp.app; sourceTree = BUILT_PRODUCTS_DIR; };
		661F6C44221066B000B11FDE /* AppDelegate.swift */ = {isa = PBXFileReference; lastKnownFileType = sourcecode.swift; path = AppDelegate.swift; sourceTree = "<group>"; };
		661F6C46221066B000B11FDE /* ViewController.swift */ = {isa = PBXFileReference; lastKnownFileType = sourcecode.swift; path = ViewController.swift; sourceTree = "<group>"; };
		661F6C49221066B000B11FDE /* Base */ = {isa = PBXFileReference; lastKnownFileType = file.storyboard; name = Base; path = Base.lproj/Main.storyboard; sourceTree = "<group>"; };
		661F6C4B221066B100B11FDE /* Assets.xcassets */ = {isa = PBXFileReference; lastKnownFileType = folder.assetcatalog; path = Assets.xcassets; sourceTree = "<group>"; };
		661F6C4E221066B100B11FDE /* Base */ = {isa = PBXFileReference; lastKnownFileType = file.storyboard; name = Base; path = Base.lproj/LaunchScreen.storyboard; sourceTree = "<group>"; };
		661F6C50221066B100B11FDE /* Info.plist */ = {isa = PBXFileReference; lastKnownFileType = text.plist.xml; path = Info.plist; sourceTree = "<group>"; };
		661F6C55221066B100B11FDE /* VocabularyAppTests.xctest */ = {isa = PBXFileReference; explicitFileType = wrapper.cfbundle; includeInIndex = 0; path = VocabularyAppTests.xctest; sourceTree = BUILT_PRODUCTS_DIR; };
		661F6C59221066B100B11FDE /* VocabularyAppTests.swift */ = {isa = PBXFileReference; lastKnownFileType = sourcecode.swift; path = VocabularyAppTests.swift; sourceTree = "<group>"; };
		661F6C5B221066B100B11FDE /* Info.plist */ = {isa = PBXFileReference; lastKnownFileType = text.plist.xml; path = Info.plist; sourceTree = "<group>"; };
/* End PBXFileReference section */

/* Begin PBXFrameworksBuildPhase section */
		661F6C3E221066B000B11FDE /* Frameworks */ = {
			isa = PBXFrameworksBuildPhase;
			buildActionMask = 2147483647;
			files = (
			);
			runOnlyForDeploymentPostprocessing = 0;
		};
		661F6C52221066B100B11FDE /* Frameworks */ = {
			isa = PBXFrameworksBuildPhase;
			buildActionMask = 2147483647;
			files = (
			);
			runOnlyForDeploymentPostprocessing = 0;
		};
/* End PBXFrameworksBuildPhase section */

/* Begin PBXGroup section */
		661F6C38221066B000B11FDE = {
			isa = PBXGroup;
			children = (
				661F6C43221066B000B11FDE /* VocabularyApp */,
				661F6C58221066B100B11FDE /* VocabularyAppTests */,
				661F6C42221066B000B11FDE /* Products */,
			);
			sourceTree = "<group>";
		};
		661F6C42221066B000B11FDE /* Products */ = {
			isa = PBXGroup;
			children = (
				661F6C41221066B000B11FDE /* VocabularyApp.app */,
				661F6C55221066B100B11FDE /* VocabularyAppTests.xctest */,
			);
			name = Products;
			sourceTree = "<group>";
		};
		661F6C43221066B000B11FDE /* VocabularyApp */ = {
			isa = PBXGroup;
			children = (
				661F6C44221066B000B11FDE /* AppDelegate.swift */,
				661F6C46221066B000B11FDE /* ViewController.swift */,
				661F6C48221066B000B11FDE /* Main.storyboard */,
				661F6C4B221066B100B11FDE /* Assets.xcassets */,
				661F6C4D221066B100B11FDE /* LaunchScreen.storyboard */,
				661F6C50221066B100B11FDE /* Info.plist */,
			);
			path = VocabularyApp;
			sourceTree = "<group>";
		};
		661F6C58221066B100B11FDE /* VocabularyAppTests */ = {
			isa = PBXGroup;
			children = (
				661F6C59221066B100B11FDE /* VocabularyAppTests.swift */,
				661F6C5B221066B100B11FDE /* Info.plist */,
			);
			path = VocabularyAppTests;
			sourceTree = "<group>";
		};
/* End PBXGroup section */

/* Begin PBXNativeTarget section */
		661F6C40221066B000B11FDE /* VocabularyApp */ = {
			isa = PBXNativeTarget;
			buildConfigurationList = 661F6C5E221066B100B11FDE /* Build configuration list for PBXNativeTarget "VocabularyApp" */;
			buildPhases = (
				661F6C3D221066B000B11FDE /* Sources */,
				661F6C3E221066B000B11FDE /* Frameworks */,
				661F6C3F221066B000B11FDE /* Resources */,
			);
			buildRules = (
			);
			dependencies = (
			);
			name = VocabularyApp;
			productName = VocabularyApp;
			productReference = 661F6C41221066B000B11FDE /* VocabularyApp.app */;
			productType = "com.apple.product-type.application";
		};
		661F6C54221066B100B11FDE /* VocabularyAppTests */ = {
			isa = PBXNativeTarget;
			buildConfigurationList = 661F6C61221066B100B11FDE /* Build configuration list for PBXNativeTarget "VocabularyAppTests" */;
			buildPhases = (
				661F6C51221066B100B11FDE /* Sources */,
				661F6C52221066B100B11FDE /* Frameworks */,
				661F6C53221066B100B11FDE /* Resources */,
			);
			buildRules = (
			);
			dependencies = (
				661F6C57221066B100B11FDE /* PBXTargetDependency */,
			);
			name = VocabularyAppTests;
			productName = VocabularyAppTests;
			productReference = 661F6C55221066B100B11FDE /* VocabularyAppTests.xctest */;
			productType = "com.apple.product-type.bundle.unit-test";
		};
/* End PBXNativeTarget section */

/* Begin PBXProject section */
		661F6C39221066B000B11FDE /* Project object */ = {
			isa = PBXProject;
			attributes = {
				LastSwiftUpdateCheck = 1010;
				LastUpgradeCheck = 1010;
				ORGANIZATIONNAME = braunsch;
				TargetAttributes = {
					661F6C40221066B000B11FDE = {
						CreatedOnToolsVersion = 10.1;
					};
					661F6C54221066B100B11FDE = {
						CreatedOnToolsVersion = 10.1;
						TestTargetID = 661F6C40221066B000B11FDE;
					};
				};
			};
			buildConfigurationList = 661F6C3C221066B000B11FDE /* Build configuration list for PBXProject "VocabularyApp" */;
			compatibilityVersion = "Xcode 9.3";
			developmentRegion = en;
			hasScannedForEncodings = 0;
			knownRegions = (
				en,
				Base,
			);
			mainGroup = 661F6C38221066B000B11FDE;
			productRefGroup = 661F6C42221066B000B11FDE /* Products */;
			projectDirPath = "";
			projectRoot = "";
			targets = (
				661F6C40221066B000B11FDE /* VocabularyApp */,
				661F6C54221066B100B11FDE /* VocabularyAppTests */,
			);
		};
/* End PBXProject section */

/* Begin PBXResourcesBuildPhase section */
		661F6C3F221066B000B11FDE /* Resources */ = {
			isa = PBXResourcesBuildPhase;
			buildActionMask = 2147483647;
			files = (
				661F6C4F221066B100B11FDE /* LaunchScreen.storyboard in Resources */,
				661F6C4C221066B100B11FDE /* Assets.xcassets in Resources */,
				661F6C4A221066B000B11FDE /* Main.storyboard in Resources */,
			);
			runOnlyForDeploymentPostprocessing = 0;
		};
		661F6C53221066B100B11FDE /* Resources */ = {
			isa = PBXResourcesBuildPhase;
			buildActionMask = 2147483647;
			files = (
			);
			runOnlyForDeploymentPostprocessing = 0;
		};
/* End PBXResourcesBuildPhase section */

/* Begin PBXSourcesBuildPhase section */
		661F6C3D221066B000B11FDE /* Sources */ = {
			isa = PBXSourcesBuildPhase;
			buildActionMask = 2147483647;
			files = (
				661F6C47221066B000B11FDE /* ViewController.swift in Sources */,
				661F6C45221066B000B11FDE /* AppDelegate.swift in Sources */,
			);
			runOnlyForDeploymentPostprocessing = 0;
		};
		661F6C51221066B100B11FDE /* Sources */ = {
			isa = PBXSourcesBuildPhase;
			buildActionMask = 2147483647;
			files = (
				661F6C5A221066B100B11FDE /* VocabularyAppTests.swift in Sources */,
			);
			runOnlyForDeploymentPostprocessing = 0;
		};
/* End PBXSourcesBuildPhase section */

/* Begin PBXTargetDependency section */
		661F6C57221066B100B11FDE /* PBXTargetDependency */ = {
			isa = PBXTargetDependency;
			target = 661F6C40221066B000B11FDE /* VocabularyApp */;
			targetProxy = 661F6C56221066B100B11FDE /* PBXContainerItemProxy */;
		};
/* End PBXTargetDependency section */

/* Begin PBXVariantGroup section */
		661F6C48221066B000B11FDE /* Main.storyboard */ = {
			isa = PBXVariantGroup;
			children = (
				661F6C49221066B000B11FDE /* Base */,
			);
			name = Main.storyboard;
			sourceTree = "<group>";
		};
		661F6C4D221066B100B11FDE /* LaunchScreen.storyboard */ = {
			isa = PBXVariantGroup;
			children = (
				661F6C4E221066B100B11FDE /* Base */,
			);
			name = LaunchScreen.storyboard;
			sourceTree = "<group>";
		};
/* End PBXVariantGroup section */

/* Begin XCBuildConfiguration section */
		661F6C5C221066B100B11FDE /* Debug */ = {
			isa = XCBuildConfiguration;
			buildSettings = {
				ALWAYS_SEARCH_USER_PATHS = NO;
				CLANG_ANALYZER_NONNULL = YES;
				CLANG_ANALYZER_NUMBER_OBJECT_CONVERSION = YES_AGGRESSIVE;
				CLANG_CXX_LANGUAGE_STANDARD = "gnu++14";
				CLANG_CXX_LIBRARY = "libc++";
				CLANG_ENABLE_MODULES = YES;
				CLANG_ENABLE_OBJC_ARC = YES;
				CLANG_ENABLE_OBJC_WEAK = YES;
				CLANG_WARN_BLOCK_CAPTURE_AUTORELEASING = YES;
				CLANG_WARN_BOOL_CONVERSION = YES;
				CLANG_WARN_COMMA = YES;
				CLANG_WARN_CONSTANT_CONVERSION = YES;
				CLANG_WARN_DEPRECATED_OBJC_IMPLEMENTATIONS = YES;
				CLANG_WARN_DIRECT_OBJC_ISA_USAGE = YES_ERROR;
				CLANG_WARN_DOCUMENTATION_COMMENTS = YES;
				CLANG_WARN_EMPTY_BODY = YES;
				CLANG_WARN_ENUM_CONVERSION = YES;
				CLANG_WARN_INFINITE_RECURSION = YES;
				CLANG_WARN_INT_CONVERSION = YES;
				CLANG_WARN_NON_LITERAL_NULL_CONVERSION = YES;
				CLANG_WARN_OBJC_IMPLICIT_RETAIN_SELF = YES;
				CLANG_WARN_OBJC_LITERAL_CONVERSION = YES;
				CLANG_WARN_OBJC_ROOT_CLASS = YES_ERROR;
				CLANG_WARN_RANGE_LOOP_ANALYSIS = YES;
				CLANG_WARN_STRICT_PROTOTYPES = YES;
				CLANG_WARN_SUSPICIOUS_MOVE = YES;
				CLANG_WARN_UNGUARDED_AVAILABILITY = YES_AGGRESSIVE;
				CLANG_WARN_UNREACHABLE_CODE = YES;
				CLANG_WARN__DUPLICATE_METHOD_MATCH = YES;
				CODE_SIGN_IDENTITY = "iPhone Developer";
				COPY_PHASE_STRIP = NO;
				DEBUG_INFORMATION_FORMAT = dwarf;
				ENABLE_STRICT_OBJC_MSGSEND = YES;
				ENABLE_TESTABILITY = YES;
				GCC_C_LANGUAGE_STANDARD = gnu11;
				GCC_DYNAMIC_NO_PIC = NO;
				GCC_NO_COMMON_BLOCKS = YES;
				GCC_OPTIMIZATION_LEVEL = 0;
				GCC_PREPROCESSOR_DEFINITIONS = (
					"DEBUG=1",
					"$(inherited)",
				);
				GCC_WARN_64_TO_32_BIT_CONVERSION = YES;
				GCC_WARN_ABOUT_RETURN_TYPE = YES_ERROR;
				GCC_WARN_UNDECLARED_SELECTOR = YES;
				GCC_WARN_UNINITIALIZED_AUTOS = YES_AGGRESSIVE;
				GCC_WARN_UNUSED_FUNCTION = YES;
				GCC_WARN_UNUSED_VARIABLE = YES;
				IPHONEOS_DEPLOYMENT_TARGET = 12.1;
				MTL_ENABLE_DEBUG_INFO = INCLUDE_SOURCE;
				MTL_FAST_MATH = YES;
				ONLY_ACTIVE_ARCH = YES;
				SDKROOT = iphoneos;
				SWIFT_ACTIVE_COMPILATION_CONDITIONS = DEBUG;
				SWIFT_OPTIMIZATION_LEVEL = "-Onone";
			};
			name = Debug;
		};
		661F6C5D221066B100B11FDE /* Release */ = {
			isa = XCBuildConfiguration;
			buildSettings = {
				ALWAYS_SEARCH_USER_PATHS = NO;
				CLANG_ANALYZER_NONNULL = YES;
				CLANG_ANALYZER_NUMBER_OBJECT_CONVERSION = YES_AGGRESSIVE;
				CLANG_CXX_LANGUAGE_STANDARD = "gnu++14";
				CLANG_CXX_LIBRARY = "libc++";
				CLANG_ENABLE_MODULES = YES;
				CLANG_ENABLE_OBJC_ARC = YES;
				CLANG_ENABLE_OBJC_WEAK = YES;
				CLANG_WARN_BLOCK_CAPTURE_AUTORELEASING = YES;
				CLANG_WARN_BOOL_CONVERSION = YES;
				CLANG_WARN_COMMA = YES;
				CLANG_WARN_CONSTANT_CONVERSION = YES;
				CLANG_WARN_DEPRECATED_OBJC_IMPLEMENTATIONS = YES;
				CLANG_WARN_DIRECT_OBJC_ISA_USAGE = YES_ERROR;
				CLANG_WARN_DOCUMENTATION_COMMENTS = YES;
				CLANG_WARN_EMPTY_BODY = YES;
				CLANG_WARN_ENUM_CONVERSION = YES;
				CLANG_WARN_INFINITE_RECURSION = YES;
				CLANG_WARN_INT_CONVERSION = YES;
				CLANG_WARN_NON_LITERAL_NULL_CONVERSION = YES;
				CLANG_WARN_OBJC_IMPLICIT_RETAIN_SELF = YES;
				CLANG_WARN_OBJC_LITERAL_CONVERSION = YES;
				CLANG_WARN_OBJC_ROOT_CLASS = YES_ERROR;
				CLANG_WARN_RANGE_LOOP_ANALYSIS = YES;
				CLANG_WARN_STRICT_PROTOTYPES = YES;
				CLANG_WARN_SUSPICIOUS_MOVE = YES;
				CLANG_WARN_UNGUARDED_AVAILABILITY = YES_AGGRESSIVE;
				CLANG_WARN_UNREACHABLE_CODE = YES;
				CLANG_WARN__DUPLICATE_METHOD_MATCH = YES;
				CODE_SIGN_IDENTITY = "iPhone Developer";
				COPY_PHASE_STRIP = NO;
				DEBUG_INFORMATION_FORMAT = "dwarf-with-dsym";
				ENABLE_NS_ASSERTIONS = NO;
				ENABLE_STRICT_OBJC_MSGSEND = YES;
				GCC_C_LANGUAGE_STANDARD = gnu11;
				GCC_NO_COMMON_BLOCKS = YES;
				GCC_WARN_64_TO_32_BIT_CONVERSION = YES;
				GCC_WARN_ABOUT_RETURN_TYPE = YES_ERROR;
				GCC_WARN_UNDECLARED_SELECTOR = YES;
				GCC_WARN_UNINITIALIZED_AUTOS = YES_AGGRESSIVE;
				GCC_WARN_UNUSED_FUNCTION = YES;
				GCC_WARN_UNUSED_VARIABLE = YES;
				IPHONEOS_DEPLOYMENT_TARGET = 12.1;
				MTL_ENABLE_DEBUG_INFO = NO;
				MTL_FAST_MATH = YES;
				SDKROOT = iphoneos;
				SWIFT_COMPILATION_MODE = wholemodule;
				SWIFT_OPTIMIZATION_LEVEL = "-O";
				VALIDATE_PRODUCT = YES;
			};
			name = Release;
		};
		661F6C5F221066B100B11FDE /* Debug */ = {
			isa = XCBuildConfiguration;
			buildSettings = {
				ASSETCATALOG_COMPILER_APPICON_NAME = AppIcon;
				CODE_SIGN_STYLE = Automatic;
				INFOPLIST_FILE = VocabularyApp/Info.plist;
				LD_RUNPATH_SEARCH_PATHS = (
					"$(inherited)",
					"@executable_path/Frameworks",
				);
				PRODUCT_BUNDLE_IDENTIFIER = com.braunsch.VocabularyApp;
				PRODUCT_NAME = "$(TARGET_NAME)";
				SWIFT_VERSION = 4.2;
				TARGETED_DEVICE_FAMILY = "1,2";
			};
			name = Debug;
		};
		661F6C60221066B100B11FDE /* Release */ = {
			isa = XCBuildConfiguration;
			buildSettings = {
				ASSETCATALOG_COMPILER_APPICON_NAME = AppIcon;
				CODE_SIGN_STYLE = Automatic;
				INFOPLIST_FILE = VocabularyApp/Info.plist;
				LD_RUNPATH_SEARCH_PATHS = (
					"$(inherited)",
					"@executable_path/Frameworks",
				);
				PRODUCT_BUNDLE_IDENTIFIER = com.braunsch.VocabularyApp;
				PRODUCT_NAME = "$(TARGET_NAME)";
				SWIFT_VERSION = 4.2;
				TARGETED_DEVICE_FAMILY = "1,2";
			};
			name = Release;
		};
		661F6C62221066B100B11FDE /* Debug */ = {
			isa = XCBuildConfiguration;
			buildSettings = {
				ALWAYS_EMBED_SWIFT_STANDARD_LIBRARIES = YES;
				BUNDLE_LOADER = "$(TEST_HOST)";
				CODE_SIGN_STYLE = Automatic;
				INFOPLIST_FILE = VocabularyAppTests/Info.plist;
				LD_RUNPATH_SEARCH_PATHS = (
					"$(inherited)",
					"@executable_path/Frameworks",
					"@loader_path/Frameworks",
				);
				PRODUCT_BUNDLE_IDENTIFIER = com.braunsch.VocabularyAppTests;
				PRODUCT_NAME = "$(TARGET_NAME)";
				SWIFT_VERSION = 4.2;
				TARGETED_DEVICE_FAMILY = "1,2";
				TEST_HOST = "$(BUILT_PRODUCTS_DIR)/VocabularyApp.app/VocabularyApp";
			};
			name = Debug;
		};
		661F6C63221066B100B11FDE /* Release */ = {
			isa = XCBuildConfiguration;
			buildSettings = {
				ALWAYS_EMBED_SWIFT_STANDARD_LIBRARIES = YES;
				BUNDLE_LOADER = "$(TEST_HOST)";
				CODE_SIGN_STYLE = Automatic;
				INFOPLIST_FILE = VocabularyAppTests/Info.plist;
				LD_RUNPATH_SEARCH_PATHS = (
					"$(inherited)",
					"@executable_path/Frameworks",
					"@loader_path/Frameworks",
				);
				PRODUCT_BUNDLE_IDENTIFIER = com.braunsch.VocabularyAppTests;
				PRODUCT_NAME = "$(TARGET_NAME)";
				SWIFT_VERSION = 4.2;
				TARGETED_DEVICE_FAMILY = "1,2";
				TEST_HOST = "$(BUILT_PRODUCTS_DIR)/VocabularyApp.app/VocabularyApp";
			};
			name = Release;
		};
/* End XCBuildConfiguration section */

/* Begin XCConfigurationList section */
		661F6C3C221066B000B11FDE /* Build configuration list for PBXProject "VocabularyApp" */ = {
			isa = XCConfigurationList;
			buildConfigurations = (
				661F6C5C221066B100B11FDE /* Debug */,
				661F6C5D221066B100B11FDE /* Release */,
			);
			defaultConfigurationIsVisible = 0;
			defaultConfigurationName = Release;
		};
		661F6C5E221066B100B11FDE /* Build configuration list for PBXNativeTarget "VocabularyApp" */ = {
			isa = XCConfigurationList;
			buildConfigurations = (
				661F6C5F221066B100B11FDE /* Debug */,
				661F6C60221066B100B11FDE /* Release */,
			);
			defaultConfigurationIsVisible = 0;
			defaultConfigurationName = Release;
		};
		661F6C61221066B100B11FDE /* Build configuration list for PBXNativeTarget "VocabularyAppTests" */ = {
			isa = XCConfigurationList;
			buildConfigurations = (
				661F6C62221066B100B11FDE /* Debug */,
				661F6C63221066B100B11FDE /* Release */,
			);
			defaultConfigurationIsVisible = 0;
			defaultConfigurationName = Release;
		};
/* End XCConfigurationList section */
	};
	rootObject = 661F6C39221066B000B11FDE /* Project object */;
}
