PODS:
  - iOSSnapshotTestCase (6.0.3):
    - iOSSnapshotTestCase/SwiftSupport (= 6.0.3)
  - iOSSnapshotTestCase/Core (6.0.3)
  - iOSSnapshotTestCase/SwiftSupport (6.0.3):
    - iOSSnapshotTestCase/Core
  - RxBlocking (5.0.0):
    - RxSwift (~> 5)
  - RxCocoa (5.0.0):
    - RxRelay (~> 5)
    - RxSwift (~> 5)
  - RxRelay (5.0.0):
    - RxSwift (~> 5)
  - RxSwift (5.0.0)
  - RxTest (5.0.0):
    - RxSwift (~> 5)
  - SnapKit (5.0.0)
  - Swinject (2.6.0)
  - SwinjectStoryboard (2.2.0):
    - Swinject (~> 2.6)

DEPENDENCIES:
  - iOSSnapshotTestCase
  - RxBlocking (= 5.0.0)
  - RxCocoa (= 5.0.0)
  - RxSwift (= 5.0.0)
  - RxTest (= 5.0.0)
  - SnapKit (~> 5.0.0)
  - Swinject
  - SwinjectStoryboard

SPEC REPOS:
  https://github.com/cocoapods/specs.git:
    - iOSSnapshotTestCase
    - RxBlocking
    - RxCocoa
    - RxRelay
    - RxSwift
    - RxTest
    - SnapKit
    - Swinject
    - SwinjectStoryboard

SPEC CHECKSUMS:
  iOSSnapshotTestCase: 944a73f6d9676302811a86c0cf35f0e6ef5ab2a0
  RxBlocking: c67185d26498ea3cbe3e121917c3c16739e43123
  RxCocoa: fcf32050ac00d801f34a7f71d5e8e7f23026dcd8
  RxRelay: 4f7409406a51a55cd88483f21ed898c234d60f18
  RxSwift: 8b0671caa829a763bbce7271095859121cbd895f
  RxTest: 4349afe98f564e0a9bc19063368904622d17d49a
  SnapKit: fd22d10eb9aff484d79a8724eab922c1ddf89bcf
  Swinject: 48a96cda93633cf2860697b4ce76ab5db9ebaca2
  SwinjectStoryboard: 32512ef16c2b0ff5b8f823b23539c4a50f6d3383

PODFILE CHECKSUM: 3d01e374c3e6fc6e1b8ed98f265104b5b5636f82

COCOAPODS: 1.5.3
